# THIS IS AN AUTOGENERATED FILE. DO NOT EDIT THIS FILE DIRECTLY.
# yarn lockfile v1


"@hotwired/stimulus@>= 3.0", "@hotwired/stimulus@^3.0.1":
  version "3.0.1"
  resolved "https://registry.yarnpkg.com/@hotwired/stimulus/-/stimulus-3.0.1.tgz#141f15645acaa3b133b7c247cad58ae252ffae85"
  integrity sha512-oHsJhgY2cip+K2ED7vKUNd2P+BEswVhrCYcJ802DSsblJFv7mPFVk3cQKvm2vHgHeDVdnj7oOKrBbzp1u8D+KA==

"@hotwired/turbo-rails@^7.1.1":
  version "7.1.3"
  resolved "https://registry.yarnpkg.com/@hotwired/turbo-rails/-/turbo-rails-7.1.3.tgz#a4e04ecb800a06e7f9aa6e298170fa4580b74216"
  integrity sha512-6qKgn75bMWKx0bJgmSfrdC73EJkGLoSWZPAssvcd3nE7ZpDZff6f67j5OQNjjpRgNB7OFruom6VWguGQGu1fQg==
  dependencies:
    "@hotwired/turbo" "^7.1.0"
    "@rails/actioncable" "^7.0"

"@hotwired/turbo@^7.1.0":
  version "7.1.0"
  resolved "https://registry.yarnpkg.com/@hotwired/turbo/-/turbo-7.1.0.tgz#27e44e0e3dc5bd1d4bda0766d579cf5a14091cd7"
  integrity sha512-Q8kGjqwPqER+CtpQudbH+3Zgs2X4zb6pBAlr6NsKTXadg45pAOvxI9i4QpuHbwSzR2+x87HUm+rot9F/Pe8rxA==

"@rails/actioncable@7.0.2-3":
  version "7.0.2-3"
  resolved "https://registry.yarnpkg.com/@rails/actioncable/-/actioncable-7.0.2-3.tgz#d083480b8fb9edf4e525c2626e3db2599258da31"
  integrity sha512-7F2o7oTsinv2qHY/13RFJbQAtCNj94sxKqfEFBOQlMv6QvB+qsHjhuViaY5pvvUK/Eel2hdtHq5fFIgSM2IRLw==

"@rails/actioncable@>= 6.0":
  version "6.0.5"
  resolved "https://registry.yarnpkg.com/@rails/actioncable/-/actioncable-6.0.5.tgz#a889f25b0c13ea0215d747e32fa3d1a52967f17b"
  integrity sha512-79sIsTpIoHnJ6pRHKaC6h5NMRpY+VZD4mqOKN/035X1ehxHgToDWvgMZ4jV5y1qeObg4enmNESmgeKoImYGzOw==

"@rails/actioncable@^7.0":
  version "7.0.3"
  resolved "https://registry.yarnpkg.com/@rails/actioncable/-/actioncable-7.0.3.tgz#71f08e958883af64f6a20489318b5e95d2c6dc5b"
  integrity sha512-Iefl21FZD+ck1di6xSHMYzSzRiNJTHV4NrAzCfDfqc/wPz4xncrP8f2/fJ+2jzwKIaDn76UVMsALh7R5OzsF8Q==

balanced-match@^1.0.0:
  version "1.0.2"
  resolved "https://registry.yarnpkg.com/balanced-match/-/balanced-match-1.0.2.tgz#e83e3a7e3f300b34cb9d87f615fa0cbf357690ee"
  integrity sha512-3oSeUO0TMV67hN1AmbXsK4yaqU7tjiHlbxRDZOpH0KW9+CeX4bRAaX0Anxt0tx2MrpRpWwQaPwIlISEJhYU5Pw==

brace-expansion@^1.1.7:
  version "1.1.11"
  resolved "https://registry.yarnpkg.com/brace-expansion/-/brace-expansion-1.1.11.tgz#3c7fcbf529d87226f3d2f52b966ff5271eb441dd"
  integrity sha512-iCuPHDFgrHX7H2vEI/5xpz07zSHB00TpugqhmYtVmMO6518mCuRMoOYFldEBl0g187ufozdaHgWKcYFb61qGiA==
  dependencies:
    balanced-match "^1.0.0"
    concat-map "0.0.1"

cable_ready@5.0.0-pre9, "cable_ready@>= 5.0.0-pre9", "cable_ready@git+ssh://git@github.com:stimulusreflex/cable_ready":
  version "5.0.0-pre9"
  resolved "git+ssh://git@github.com:stimulusreflex/cable_ready#ebc9c3d60fe00963ab8bed44515521ac94b1861a"
  dependencies:
    morphdom "^2.6.1"

concat-map@0.0.1:
  version "0.0.1"
  resolved "https://registry.yarnpkg.com/concat-map/-/concat-map-0.0.1.tgz#d8a96bd77fd68df7793a73036a3ba0d5405d477b"
  integrity sha512-/Srv4dswyQNBfohGpz9o6Yb3Gz3SrUDqBH5rTuhGR7ahtlbYKnVxw2bCFMRljaA7EXHaXZ8wsHdodFvbkhKmqg==

esbuild-android-64@0.14.44:
  version "0.14.44"
  resolved "https://registry.yarnpkg.com/esbuild-android-64/-/esbuild-android-64-0.14.44.tgz#62f5cb563d0ba318d898b6eb230c61ad3dc93619"
  integrity sha512-dFPHBXmx385zuJULAD/Cmq/LyPRXiAWbf9ylZtY0wJ8iVyWfKYaCYxeJx8OAZUuj46ZwNa7MzW2GBAQLOeiemg==

esbuild-android-arm64@0.14.44:
  version "0.14.44"
  resolved "https://registry.yarnpkg.com/esbuild-android-arm64/-/esbuild-android-arm64-0.14.44.tgz#ee7fcc9f47855b3395dfd1abcc2c43d8c53e57db"
  integrity sha512-qqaqqyxHXjZ/0ddKU3I3Nb7lAvVM69ELMhb8+91FyomAUmQPlHtxe+TTiWxXGHE72XEzcgTEGq4VauqLNkN22g==

esbuild-darwin-64@0.14.44:
  version "0.14.44"
  resolved "https://registry.yarnpkg.com/esbuild-darwin-64/-/esbuild-darwin-64-0.14.44.tgz#75ea7f594687a7189a8ba62070d42f13178e68d0"
  integrity sha512-RBmtGKGY06+AW6IOJ1LE/dEeF7HH34C1/Ces9FSitU4bIbIpL4KEuQpTFoxwb4ry5s2hyw7vbPhhtyOd18FH9g==

esbuild-darwin-arm64@0.14.44:
  version "0.14.44"
  resolved "https://registry.yarnpkg.com/esbuild-darwin-arm64/-/esbuild-darwin-arm64-0.14.44.tgz#550631fd135688abda042f4039b962a27f3a5f78"
  integrity sha512-Bmhx5Cfo4Hdb7WyyyDupTB8HPmnFZ8baLfPlzLdYvF6OzsIbV+CY+m/AWf0OQvY40BlkzCLJ/7Lfwbb71Tngmg==

esbuild-freebsd-64@0.14.44:
  version "0.14.44"
  resolved "https://registry.yarnpkg.com/esbuild-freebsd-64/-/esbuild-freebsd-64-0.14.44.tgz#f98069b964266ca79bb361cfb9d7454a05b7e8ca"
  integrity sha512-O4HpWa5ZgxbNPQTF7URicLzYa+TidGlmGT/RAC3GjbGEQQYkd0R1Slyh69Yrmb2qmcOcPAgWHbNo1UhK4WmZ4w==

esbuild-freebsd-arm64@0.14.44:
  version "0.14.44"
  resolved "https://registry.yarnpkg.com/esbuild-freebsd-arm64/-/esbuild-freebsd-arm64-0.14.44.tgz#247a8553d6033a58b6c3ba4d539216300497d7f6"
  integrity sha512-f0/jkAKccnDY7mg1F9l/AMzEm+VXWXK6c3IrOEmd13jyKfpTZKTIlt+yI04THPDCDZTzXHTRUBLozqp+m8Mg5Q==

esbuild-linux-32@0.14.44:
  version "0.14.44"
  resolved "https://registry.yarnpkg.com/esbuild-linux-32/-/esbuild-linux-32-0.14.44.tgz#4b72747f9f367d3ee3c1d80bf75c617e6b109821"
  integrity sha512-WSIhzLldMR7YUoEL7Ix319tC+NFmW9Pu7NgFWxUfOXeWsT0Wg484hm6bNgs7+oY2pGzg715y/Wrqi1uNOMmZJw==

esbuild-linux-64@0.14.44:
  version "0.14.44"
  resolved "https://registry.yarnpkg.com/esbuild-linux-64/-/esbuild-linux-64-0.14.44.tgz#6cd158fdd11f8d037c45139ccddb4fa5966f7ab6"
  integrity sha512-zgscTrCMcRZRIsVugqBTP/B5lPLNchBlWjQ8sQq2Epnv+UDtYKgXEq1ctWAmibZNy2E9QRCItKMeIEqeTUT5kA==

esbuild-linux-arm64@0.14.44:
  version "0.14.44"
  resolved "https://registry.yarnpkg.com/esbuild-linux-arm64/-/esbuild-linux-arm64-0.14.44.tgz#f14f3c8c3501067f5b2cef7a79c9a0058092cb22"
  integrity sha512-H0H/2/wgiScTwBve/JR8/o+Zhabx5KPk8T2mkYZFKQGl1hpUgC+AOmRyqy/Js3p66Wim4F4Akv3I3sJA1sKg0w==

esbuild-linux-arm@0.14.44:
  version "0.14.44"
  resolved "https://registry.yarnpkg.com/esbuild-linux-arm/-/esbuild-linux-arm-0.14.44.tgz#625478cc6ea4f64f5335e7fb07f80d6f659aeb5c"
  integrity sha512-laPBPwGfsbBxGw6F6jnqic2CPXLyC1bPrmnSOeJ9oEnx1rcKkizd4HWCRUc0xv+l4z/USRfx/sEfYlWSLeqoJQ==

esbuild-linux-mips64le@0.14.44:
  version "0.14.44"
  resolved "https://registry.yarnpkg.com/esbuild-linux-mips64le/-/esbuild-linux-mips64le-0.14.44.tgz#593c909bb612998300af7f7db2809a63a0d62eec"
  integrity sha512-ri3Okw0aleYy7o5n9zlIq+FCtq3tcMlctN6X1H1ucILjBJuH8pan2trJPKWeb8ppntFvE28I9eEXhwkWh6wYKg==

esbuild-linux-ppc64le@0.14.44:
  version "0.14.44"
  resolved "https://registry.yarnpkg.com/esbuild-linux-ppc64le/-/esbuild-linux-ppc64le-0.14.44.tgz#8fc2fcee671e322a5d44fcf8da6889095a187df9"
  integrity sha512-96TqL/MvFRuIVXz+GtCIXzRQ43ZwEk4XTn0RWUNJduXXMDQ/V1iOV28U6x6Oe3NesK4xkoKSaK2+F3VHcU8ZrA==

esbuild-linux-riscv64@0.14.44:
  version "0.14.44"
  resolved "https://registry.yarnpkg.com/esbuild-linux-riscv64/-/esbuild-linux-riscv64-0.14.44.tgz#cc2b7158c8345b67e74458a0ec020c80ca777046"
  integrity sha512-rrK9qEp2M8dhilsPn4T9gxUsAumkITc1kqYbpyNMr9EWo+J5ZBj04n3GYldULrcCw4ZCHAJ+qPjqr8b6kG2inA==

esbuild-linux-s390x@0.14.44:
  version "0.14.44"
  resolved "https://registry.yarnpkg.com/esbuild-linux-s390x/-/esbuild-linux-s390x-0.14.44.tgz#5a1e87d5d6236a8791026820936478f3b9cf8e35"
  integrity sha512-2YmTm9BrW5aUwBSe8wIEARd9EcnOQmkHp4+IVaO09Ez/C5T866x+ABzhG0bwx0b+QRo9q97CRMaQx2Ngb6/hfw==

esbuild-netbsd-64@0.14.44:
  version "0.14.44"
  resolved "https://registry.yarnpkg.com/esbuild-netbsd-64/-/esbuild-netbsd-64-0.14.44.tgz#8afb16880b530264ce2ed9fb3df26071eb841312"
  integrity sha512-zypdzPmZTCqYS30WHxbcvtC0E6e/ECvl4WueUdbdWhs2dfWJt5RtCBME664EpTznixR3lSN1MQ2NhwQF8MQryw==

esbuild-openbsd-64@0.14.44:
  version "0.14.44"
  resolved "https://registry.yarnpkg.com/esbuild-openbsd-64/-/esbuild-openbsd-64-0.14.44.tgz#a87455be446d6f5b07a60f060e1eafad454c9d4b"
  integrity sha512-8J43ab9ByYl7KteC03HGQjr2HY1ge7sN04lFnwMFWYk2NCn8IuaeeThvLeNjzOYhyT3I6K8puJP0uVXUu+D1xw==

esbuild-rails@^1.0.3:
  version "1.0.3"
  resolved "https://registry.yarnpkg.com/esbuild-rails/-/esbuild-rails-1.0.3.tgz#5b963c4affd9cbac3c3d589141062c4deabd5a19"
  integrity sha512-a/bD6R3/VBynPD/ftQ6OpYNpjdeG2W30jZ1eEHd2aTsZBdK8ppuox3pZBv1M3c7ZPf+RicYM8cpx9MV/mVs2BA==
  dependencies:
    glob "^7.2.0"

esbuild-sunos-64@0.14.44:
  version "0.14.44"
  resolved "https://registry.yarnpkg.com/esbuild-sunos-64/-/esbuild-sunos-64-0.14.44.tgz#74ce7d5fd815fa60fe0a85b9db7549b1dcb32804"
  integrity sha512-OH1/09CGUJwffA+HNM6mqPkSIyHVC3ZnURU/4CCIx7IqWUBn1Sh1HRLQC8/TWNgcs0/1u7ygnc2pgf/AHZJ/Ow==

esbuild-windows-32@0.14.44:
  version "0.14.44"
  resolved "https://registry.yarnpkg.com/esbuild-windows-32/-/esbuild-windows-32-0.14.44.tgz#499e1c6cb46c216bdcb62f5b006fec3999bb06a7"
  integrity sha512-mCAOL9/rRqwfOfxTu2sjq/eAIs7eAXGiU6sPBnowggI7QS953Iq6o3/uDu010LwfN7zr18c/lEj6/PTwwTB3AA==

esbuild-windows-64@0.14.44:
  version "0.14.44"
  resolved "https://registry.yarnpkg.com/esbuild-windows-64/-/esbuild-windows-64-0.14.44.tgz#a8dae69a4615b17f62375859ce9536dd96940a06"
  integrity sha512-AG6BH3+YG0s2Q/IfB1cm68FdyFnoE1P+GFbmgFO3tA4UIP8+BKsmKGGZ5I3+ZjcnzOwvT74bQRVrfnQow2KO5Q==

esbuild-windows-arm64@0.14.44:
  version "0.14.44"
  resolved "https://registry.yarnpkg.com/esbuild-windows-arm64/-/esbuild-windows-arm64-0.14.44.tgz#db73bb68aa75a880bdaa938ccacc0f17e7a4bfea"
  integrity sha512-ygYPfYE5By4Sd6szsNr10B0RtWVNOSGmZABSaj4YQBLqh9b9i45VAjVWa8tyIy+UAbKF7WGwybi2wTbSVliO8A==

esbuild@^0.14.36:
  version "0.14.44"
  resolved "https://registry.yarnpkg.com/esbuild/-/esbuild-0.14.44.tgz#27fa3cd4f55d36780650c7f32cab581abc7a4473"
  integrity sha512-Rn+lRRfj60r/3svI6NgAVnetzp3vMOj17BThuhshSj/gS1LR03xrjkDYyfPmrYG/0c3D68rC6FNYMQ3yRbiXeQ==
  optionalDependencies:
    esbuild-android-64 "0.14.44"
    esbuild-android-arm64 "0.14.44"
    esbuild-darwin-64 "0.14.44"
    esbuild-darwin-arm64 "0.14.44"
    esbuild-freebsd-64 "0.14.44"
    esbuild-freebsd-arm64 "0.14.44"
    esbuild-linux-32 "0.14.44"
    esbuild-linux-64 "0.14.44"
    esbuild-linux-arm "0.14.44"
    esbuild-linux-arm64 "0.14.44"
    esbuild-linux-mips64le "0.14.44"
    esbuild-linux-ppc64le "0.14.44"
    esbuild-linux-riscv64 "0.14.44"
    esbuild-linux-s390x "0.14.44"
    esbuild-netbsd-64 "0.14.44"
    esbuild-openbsd-64 "0.14.44"
    esbuild-sunos-64 "0.14.44"
    esbuild-windows-32 "0.14.44"
    esbuild-windows-64 "0.14.44"
    esbuild-windows-arm64 "0.14.44"

fs.realpath@^1.0.0:
  version "1.0.0"
  resolved "https://registry.yarnpkg.com/fs.realpath/-/fs.realpath-1.0.0.tgz#1504ad2523158caa40db4a2787cb01411994ea4f"
  integrity sha512-OO0pH2lK6a0hZnAdau5ItzHPI6pUlvI7jMVnxUQRtw4owF2wk8lOSabtGDCTP4Ggrg2MbGnWO9X8K1t4+fGMDw==

glob@^7.2.0:
  version "7.2.3"
  resolved "https://registry.yarnpkg.com/glob/-/glob-7.2.3.tgz#b8df0fb802bbfa8e89bd1d938b4e16578ed44f2b"
  integrity sha512-nFR0zLpU2YCaRxwoCJvL6UvCH2JFyFVIvwTLsIf21AuHlMskA1hhTdk+LlYJtOlYt9v6dvszD2BGRqBL+iQK9Q==
  dependencies:
    fs.realpath "^1.0.0"
    inflight "^1.0.4"
    inherits "2"
    minimatch "^3.1.1"
    once "^1.3.0"
    path-is-absolute "^1.0.0"

inflight@^1.0.4:
  version "1.0.6"
  resolved "https://registry.yarnpkg.com/inflight/-/inflight-1.0.6.tgz#49bd6331d7d02d0c09bc910a1075ba8165b56df9"
  integrity sha512-k92I/b08q4wvFscXCLvqfsHCrjrF7yiXsQuIVvVE7N82W3+aqpzuUdBbfhWcy/FZR3/4IgflMgKLOsvPDrGCJA==
  dependencies:
    once "^1.3.0"
    wrappy "1"

inherits@2:
  version "2.0.4"
  resolved "https://registry.yarnpkg.com/inherits/-/inherits-2.0.4.tgz#0fa2c64f932917c3433a0ded55363aae37416b7c"
  integrity sha512-k/vGaX4/Yla3WzyMCvTQOXYeIHvqOKtnqBduzTHpzpQZzAskKMhZ2K+EnBiSM9zGSoIFeMpXKxa4dYeZIQqewQ==

minimatch@^3.1.1:
  version "3.1.2"
  resolved "https://registry.yarnpkg.com/minimatch/-/minimatch-3.1.2.tgz#19cd194bfd3e428f049a70817c038d89ab4be35b"
  integrity sha512-J7p63hRiAjw1NDEww1W7i37+ByIrOWO5XQQAzZ3VOcL0PNybwpfmV/N05zFAzwQ9USyEcX6t3UO+K5aqBQOIHw==
  dependencies:
    brace-expansion "^1.1.7"

morphdom@^2.6.1:
  version "2.6.1"
  resolved "https://registry.yarnpkg.com/morphdom/-/morphdom-2.6.1.tgz#e868e24f989fa3183004b159aed643e628b4306e"
  integrity sha512-Y8YRbAEP3eKykroIBWrjcfMw7mmwJfjhqdpSvoqinu8Y702nAwikpXcNFDiIkyvfCLxLM9Wu95RZqo4a9jFBaA==

once@^1.3.0:
  version "1.4.0"
  resolved "https://registry.yarnpkg.com/once/-/once-1.4.0.tgz#583b1aa775961d4b113ac17d9c50baef9dd76bd1"
  integrity sha512-lNaJgI+2Q5URQBkccEKHTQOPaXdUxnZZElQTZY0MFUAuaEqe1E+Nyvgdz/aIyNi6Z9MzO5dv1H8n58/GELp3+w==
  dependencies:
    wrappy "1"

path-is-absolute@^1.0.0:
  version "1.0.1"
  resolved "https://registry.yarnpkg.com/path-is-absolute/-/path-is-absolute-1.0.1.tgz#174b9268735534ffbc7ace6bf53a5a9e1b5c5f5f"
  integrity sha512-AVbw3UJ2e9bq64vSaS9Am0fje1Pa8pbGqTTsmXfaIiMpnr5DlDhfJOuLj9Sf95ZPVDAUerDfEk88MPmPe7UCQg==

stimulus_reflex@3.5.0-pre9, "stimulus_reflex@git+ssh://git@github.com:stimulusreflex/stimulus_reflex":
  version "3.5.0-pre9"
  resolved "git+ssh://git@github.com:stimulusreflex/stimulus_reflex#9d5945f945dbf64cd8fcfc6f6cdeae83fddf924e"
  dependencies:
    "@hotwired/stimulus" ">= 3.0"
    "@rails/actioncable" ">= 6.0"
    cable_ready ">= 5.0.0-pre9"

wrappy@1:
  version "1.0.2"
  resolved "https://registry.yarnpkg.com/wrappy/-/wrappy-1.0.2.tgz#b5243d8f3ec1aa35f1364605bc0d1036e30ab69f"
  integrity sha512-l4Sp/DRseor9wL6EvV2+TuQn63dMkPjZ/sp9XkghTEbV9KlPS1xUsZ3u7/IQO4wxtcFB4bgpQPRcR3QCvezPcQ==
